
Microsoft Visual Studio Solution File, Format Version 12.00
# Visual Studio Version 17
VisualStudioVersion = 17.6.33723.286
MinimumVisualStudioVersion = 10.0.40219.1
Project("{FAE04EC0-301F-11D3-BF4B-00C04F79EFBC}") = "PostgreSqlExample", "PostgreSqlExample\PostgreSqlExample.csproj", "{C21B1092-AA24-4219-AD73-93622D538573}"
EndProject
Global
	GlobalSection(SolutionConfigurationPlatforms) = preSolution
		Debug|Any CPU = Debug|Any CPU
		Release|Any CPU = Release|Any CPU
	EndGlobalSection
	GlobalSection(ProjectConfigurationPlatforms) = postSolution
		{C21B1092-AA24-4219-AD73-93622D538573}.Debug|Any CPU.ActiveCfg = Debug|Any CPU
		{C21B1092-AA24-4219-AD73-93622D538573}.Debug|Any CPU.Build.0 = Debug|Any CPU
		{C21B1092-AA24-4219-AD73-93622D538573}.Release|Any CPU.ActiveCfg = Release|Any CPU
		{C21B1092-AA24-4219-AD73-93622D538573}.Release|Any CPU.Build.0 = Release|Any CPU
	EndGlobalSection
	GlobalSection(SolutionProperties) = preSolution
		HideSolutionNode = FALSE
	EndGlobalSection
	GlobalSection(ExtensibilityGlobals) = postSolution
		SolutionGuid = {94315B48-82BA-4ADF-9F97-412721461A2E}
	EndGlobalSection
EndGlobal
