
Microsoft Visual Studio Solution File, Format Version 12.00
# Visual Studio Version 17
VisualStudioVersion = 17.6.33723.286
MinimumVisualStudioVersion = 10.0.40219.1
Project("{FAE04EC0-301F-11D3-BF4B-00C04F79EFBC}") = "PostgreSqlExample", "PostgreSqlExample\PostgreSqlExample.csproj", "{29C630B9-896E-4C4C-882F-BB36EBF64B00}"
EndProject
Global
	GlobalSection(SolutionConfigurationPlatforms) = preSolution
		Debug|Any CPU = Debug|Any CPU
		Release|Any CPU = Release|Any CPU
	EndGlobalSection
	GlobalSection(ProjectConfigurationPlatforms) = postSolution
		{29C630B9-896E-4C4C-882F-BB36EBF64B00}.Debug|Any CPU.ActiveCfg = Debug|Any CPU
		{29C630B9-896E-4C4C-882F-BB36EBF64B00}.Debug|Any CPU.Build.0 = Debug|Any CPU
		{29C630B9-896E-4C4C-882F-BB36EBF64B00}.Release|Any CPU.ActiveCfg = Release|Any CPU
		{29C630B9-896E-4C4C-882F-BB36EBF64B00}.Release|Any CPU.Build.0 = Release|Any CPU
	EndGlobalSection
	GlobalSection(SolutionProperties) = preSolution
		HideSolutionNode = FALSE
	EndGlobalSection
	GlobalSection(ExtensibilityGlobals) = postSolution
		SolutionGuid = {CBC3BE6C-511A-43A1-8844-6C5617A769B1}
	EndGlobalSection
EndGlobal
