
Microsoft Visual Studio Solution File, Format Version 12.00
# Visual Studio Version 17
VisualStudioVersion = 17.6.33723.286
MinimumVisualStudioVersion = 10.0.40219.1
Project("{FAE04EC0-301F-11D3-BF4B-00C04F79EFBC}") = "PostgreSql_API_4", "PostgreSql_API_4\PostgreSql_API_4.csproj", "{AB9736AB-A49C-49C5-B80F-14528A519138}"
EndProject
Global
	GlobalSection(SolutionConfigurationPlatforms) = preSolution
		Debug|Any CPU = Debug|Any CPU
		Release|Any CPU = Release|Any CPU
	EndGlobalSection
	GlobalSection(ProjectConfigurationPlatforms) = postSolution
		{AB9736AB-A49C-49C5-B80F-14528A519138}.Debug|Any CPU.ActiveCfg = Debug|Any CPU
		{AB9736AB-A49C-49C5-B80F-14528A519138}.Debug|Any CPU.Build.0 = Debug|Any CPU
		{AB9736AB-A49C-49C5-B80F-14528A519138}.Release|Any CPU.ActiveCfg = Release|Any CPU
		{AB9736AB-A49C-49C5-B80F-14528A519138}.Release|Any CPU.Build.0 = Release|Any CPU
	EndGlobalSection
	GlobalSection(SolutionProperties) = preSolution
		HideSolutionNode = FALSE
	EndGlobalSection
	GlobalSection(ExtensibilityGlobals) = postSolution
		SolutionGuid = {6BC94E09-2178-48EF-BC27-0059B90FE98B}
	EndGlobalSection
EndGlobal
